
Microsoft Visual Studio Solution File, Format Version 12.00
Project("{F2A71F9B-5D33-465A-A702-920D77279786}") = "FsPerceptron", "FsPerceptron.fsproj", "{2BE5F366-D8E4-4437-93B0-1E3B7FAAC805}"
EndProject
Global
	GlobalSection(SolutionConfigurationPlatforms) = preSolution
		Debug|Any CPU = Debug|Any CPU
		Release|Any CPU = Release|Any CPU
	EndGlobalSection
	GlobalSection(ProjectConfigurationPlatforms) = postSolution
		{2BE5F366-D8E4-4437-93B0-1E3B7FAAC805}.Debug|Any CPU.ActiveCfg = Debug|Any CPU
		{2BE5F366-D8E4-4437-93B0-1E3B7FAAC805}.Debug|Any CPU.Build.0 = Debug|Any CPU
		{2BE5F366-D8E4-4437-93B0-1E3B7FAAC805}.Release|Any CPU.ActiveCfg = Release|Any CPU
		{2BE5F366-D8E4-4437-93B0-1E3B7FAAC805}.Release|Any CPU.Build.0 = Release|Any CPU
	EndGlobalSection
EndGlobal
